
Microsoft Visual Studio Solution File, Format Version 12.00
# Visual Studio Version 17
VisualStudioVersion = 17.3.32929.385
MinimumVisualStudioVersion = 10.0.40219.1
Project("{FAE04EC0-301F-11D3-BF4B-00C04F79EFBC}") = "JaggedArray", "JaggedArray\JaggedArray.csproj", "{BBE29387-FBAD-4084-87B6-FF2F80E542DE}"
EndProject
Global
	GlobalSection(SolutionConfigurationPlatforms) = preSolution
		Debug|Any CPU = Debug|Any CPU
		Release|Any CPU = Release|Any CPU
	EndGlobalSection
	GlobalSection(ProjectConfigurationPlatforms) = postSolution
		{BBE29387-FBAD-4084-87B6-FF2F80E542DE}.Debug|Any CPU.ActiveCfg = Debug|Any CPU
		{BBE29387-FBAD-4084-87B6-FF2F80E542DE}.Debug|Any CPU.Build.0 = Debug|Any CPU
		{BBE29387-FBAD-4084-87B6-FF2F80E542DE}.Release|Any CPU.ActiveCfg = Release|Any CPU
		{BBE29387-FBAD-4084-87B6-FF2F80E542DE}.Release|Any CPU.Build.0 = Release|Any CPU
	EndGlobalSection
	GlobalSection(SolutionProperties) = preSolution
		HideSolutionNode = FALSE
	EndGlobalSection
	GlobalSection(ExtensibilityGlobals) = postSolution
		SolutionGuid = {8A28D4B1-5637-4809-A6BD-859EE9819DBD}
	EndGlobalSection
EndGlobal
